
Microsoft Visual Studio Solution File, Format Version 12.00
# Visual Studio 14
VisualStudioVersion = 14.0.25123.0
MinimumVisualStudioVersion = 10.0.40219.1
Project("{FAE04EC0-301F-11D3-BF4B-00C04F79EFBC}") = "Calendar.UWP.Sample", "Calendar.UWP.Sample\Calendar.UWP.Sample.csproj", "{595825A6-0AF0-4CCD-91BC-2D3527FB97E5}"
EndProject
Project("{FAE04EC0-301F-11D3-BF4B-00C04F79EFBC}") = "Calendar.UWP", "Calendar.UWP\Calendar.UWP.csproj", "{11362B1C-216A-4E1D-92DF-A6AD8574D8BF}"
EndProject
Global
	GlobalSection(SolutionConfigurationPlatforms) = preSolution
		Debug|Any CPU = Debug|Any CPU
		Debug|ARM = Debug|ARM
		Debug|x64 = Debug|x64
		Debug|x86 = Debug|x86
		Release|Any CPU = Release|Any CPU
		Release|ARM = Release|ARM
		Release|x64 = Release|x64
		Release|x86 = Release|x86
	EndGlobalSection
	GlobalSection(ProjectConfigurationPlatforms) = postSolution
		{595825A6-0AF0-4CCD-91BC-2D3527FB97E5}.Debug|Any CPU.ActiveCfg = Debug|x86
		{595825A6-0AF0-4CCD-91BC-2D3527FB97E5}.Debug|ARM.ActiveCfg = Debug|ARM
		{595825A6-0AF0-4CCD-91BC-2D3527FB97E5}.Debug|ARM.Build.0 = Debug|ARM
		{595825A6-0AF0-4CCD-91BC-2D3527FB97E5}.Debug|ARM.Deploy.0 = Debug|ARM
		{595825A6-0AF0-4CCD-91BC-2D3527FB97E5}.Debug|x64.ActiveCfg = Debug|x64
		{595825A6-0AF0-4CCD-91BC-2D3527FB97E5}.Debug|x64.Build.0 = Debug|x64
		{595825A6-0AF0-4CCD-91BC-2D3527FB97E5}.Debug|x64.Deploy.0 = Debug|x64
		{595825A6-0AF0-4CCD-91BC-2D3527FB97E5}.Debug|x86.ActiveCfg = Debug|x86
		{595825A6-0AF0-4CCD-91BC-2D3527FB97E5}.Debug|x86.Build.0 = Debug|x86
		{595825A6-0AF0-4CCD-91BC-2D3527FB97E5}.Debug|x86.Deploy.0 = Debug|x86
		{595825A6-0AF0-4CCD-91BC-2D3527FB97E5}.Release|Any CPU.ActiveCfg = Release|x86
		{595825A6-0AF0-4CCD-91BC-2D3527FB97E5}.Release|ARM.ActiveCfg = Release|ARM
		{595825A6-0AF0-4CCD-91BC-2D3527FB97E5}.Release|ARM.Build.0 = Release|ARM
		{595825A6-0AF0-4CCD-91BC-2D3527FB97E5}.Release|ARM.Deploy.0 = Release|ARM
		{595825A6-0AF0-4CCD-91BC-2D3527FB97E5}.Release|x64.ActiveCfg = Release|x64
		{595825A6-0AF0-4CCD-91BC-2D3527FB97E5}.Release|x64.Build.0 = Release|x64
		{595825A6-0AF0-4CCD-91BC-2D3527FB97E5}.Release|x64.Deploy.0 = Release|x64
		{595825A6-0AF0-4CCD-91BC-2D3527FB97E5}.Release|x86.ActiveCfg = Release|x86
		{595825A6-0AF0-4CCD-91BC-2D3527FB97E5}.Release|x86.Build.0 = Release|x86
		{595825A6-0AF0-4CCD-91BC-2D3527FB97E5}.Release|x86.Deploy.0 = Release|x86
		{11362B1C-216A-4E1D-92DF-A6AD8574D8BF}.Debug|Any CPU.ActiveCfg = Debug|Any CPU
		{11362B1C-216A-4E1D-92DF-A6AD8574D8BF}.Debug|Any CPU.Build.0 = Debug|Any CPU
		{11362B1C-216A-4E1D-92DF-A6AD8574D8BF}.Debug|ARM.ActiveCfg = Debug|ARM
		{11362B1C-216A-4E1D-92DF-A6AD8574D8BF}.Debug|ARM.Build.0 = Debug|ARM
		{11362B1C-216A-4E1D-92DF-A6AD8574D8BF}.Debug|x64.ActiveCfg = Debug|x64
		{11362B1C-216A-4E1D-92DF-A6AD8574D8BF}.Debug|x64.Build.0 = Debug|x64
		{11362B1C-216A-4E1D-92DF-A6AD8574D8BF}.Debug|x86.ActiveCfg = Debug|x86
		{11362B1C-216A-4E1D-92DF-A6AD8574D8BF}.Debug|x86.Build.0 = Debug|x86
		{11362B1C-216A-4E1D-92DF-A6AD8574D8BF}.Release|Any CPU.ActiveCfg = Release|Any CPU
		{11362B1C-216A-4E1D-92DF-A6AD8574D8BF}.Release|Any CPU.Build.0 = Release|Any CPU
		{11362B1C-216A-4E1D-92DF-A6AD8574D8BF}.Release|ARM.ActiveCfg = Release|ARM
		{11362B1C-216A-4E1D-92DF-A6AD8574D8BF}.Release|ARM.Build.0 = Release|ARM
		{11362B1C-216A-4E1D-92DF-A6AD8574D8BF}.Release|x64.ActiveCfg = Release|x64
		{11362B1C-216A-4E1D-92DF-A6AD8574D8BF}.Release|x64.Build.0 = Release|x64
		{11362B1C-216A-4E1D-92DF-A6AD8574D8BF}.Release|x86.ActiveCfg = Release|x86
		{11362B1C-216A-4E1D-92DF-A6AD8574D8BF}.Release|x86.Build.0 = Release|x86
	EndGlobalSection
	GlobalSection(SolutionProperties) = preSolution
		HideSolutionNode = FALSE
	EndGlobalSection
EndGlobal
